
Microsoft Visual Studio Solution File, Format Version 12.00
Project("{FAE04EC0-301F-11D3-BF4B-00C04F79EFBC}") = "Proiect", "Proiect\Proiect.csproj", "{7F649E60-D18F-427B-BFB3-6CE805E472A6}"
EndProject
Project("{FAE04EC0-301F-11D3-BF4B-00C04F79EFBC}") = "Proiect.EventProcessor", "Proiect.EventProcessor\Proiect.EventProcessor.csproj", "{5B0198DD-7761-4C8A-93BC-B1B3C853125D}"
EndProject
Global
	GlobalSection(SolutionConfigurationPlatforms) = preSolution
		Debug|Any CPU = Debug|Any CPU
		Debug|x64 = Debug|x64
		Debug|x86 = Debug|x86
		Release|Any CPU = Release|Any CPU
		Release|x64 = Release|x64
		Release|x86 = Release|x86
	EndGlobalSection
	GlobalSection(ProjectConfigurationPlatforms) = postSolution
		{7F649E60-D18F-427B-BFB3-6CE805E472A6}.Debug|Any CPU.ActiveCfg = Debug|Any CPU
		{7F649E60-D18F-427B-BFB3-6CE805E472A6}.Debug|Any CPU.Build.0 = Debug|Any CPU
		{7F649E60-D18F-427B-BFB3-6CE805E472A6}.Debug|x64.ActiveCfg = Debug|Any CPU
		{7F649E60-D18F-427B-BFB3-6CE805E472A6}.Debug|x64.Build.0 = Debug|Any CPU
		{7F649E60-D18F-427B-BFB3-6CE805E472A6}.Debug|x86.ActiveCfg = Debug|Any CPU
		{7F649E60-D18F-427B-BFB3-6CE805E472A6}.Debug|x86.Build.0 = Debug|Any CPU
		{7F649E60-D18F-427B-BFB3-6CE805E472A6}.Release|Any CPU.ActiveCfg = Release|Any CPU
		{7F649E60-D18F-427B-BFB3-6CE805E472A6}.Release|Any CPU.Build.0 = Release|Any CPU
		{7F649E60-D18F-427B-BFB3-6CE805E472A6}.Release|x64.ActiveCfg = Release|Any CPU
		{7F649E60-D18F-427B-BFB3-6CE805E472A6}.Release|x64.Build.0 = Release|Any CPU
		{7F649E60-D18F-427B-BFB3-6CE805E472A6}.Release|x86.ActiveCfg = Release|Any CPU
		{7F649E60-D18F-427B-BFB3-6CE805E472A6}.Release|x86.Build.0 = Release|Any CPU
		{5B0198DD-7761-4C8A-93BC-B1B3C853125D}.Debug|Any CPU.ActiveCfg = Debug|Any CPU
		{5B0198DD-7761-4C8A-93BC-B1B3C853125D}.Debug|Any CPU.Build.0 = Debug|Any CPU
		{5B0198DD-7761-4C8A-93BC-B1B3C853125D}.Debug|x64.ActiveCfg = Debug|Any CPU
		{5B0198DD-7761-4C8A-93BC-B1B3C853125D}.Debug|x64.Build.0 = Debug|Any CPU
		{5B0198DD-7761-4C8A-93BC-B1B3C853125D}.Debug|x86.ActiveCfg = Debug|Any CPU
		{5B0198DD-7761-4C8A-93BC-B1B3C853125D}.Debug|x86.Build.0 = Debug|Any CPU
		{5B0198DD-7761-4C8A-93BC-B1B3C853125D}.Release|Any CPU.ActiveCfg = Release|Any CPU
		{5B0198DD-7761-4C8A-93BC-B1B3C853125D}.Release|Any CPU.Build.0 = Release|Any CPU
		{5B0198DD-7761-4C8A-93BC-B1B3C853125D}.Release|x64.ActiveCfg = Release|Any CPU
		{5B0198DD-7761-4C8A-93BC-B1B3C853125D}.Release|x64.Build.0 = Release|Any CPU
		{5B0198DD-7761-4C8A-93BC-B1B3C853125D}.Release|x86.ActiveCfg = Release|Any CPU
		{5B0198DD-7761-4C8A-93BC-B1B3C853125D}.Release|x86.Build.0 = Release|Any CPU
	EndGlobalSection
	GlobalSection(SolutionProperties) = preSolution
		HideSolutionNode = FALSE
	EndGlobalSection
EndGlobal
